
Microsoft Visual Studio Solution File, Format Version 12.00
# Visual Studio Version 16
VisualStudioVersion = 16.0.31702.278
MinimumVisualStudioVersion = 10.0.40219.1
Project("{9A19103F-16F7-4668-BE54-9A1E7A4F7556}") = "oop", "oop\oop.csproj", "{6C3C39A7-AE32-49D2-A962-05D9428F78D2}"
EndProject
Project("{9A19103F-16F7-4668-BE54-9A1E7A4F7556}") = "assignment", "assignment\assignment.csproj", "{6C175E7A-69F7-49C9-881F-5F6EF5E8B08B}"
EndProject
Project("{9A19103F-16F7-4668-BE54-9A1E7A4F7556}") = "2hafta", "oops\2hafta.csproj", "{C63957ED-54F9-4EB6-8F7A-554337AC35F4}"
EndProject
Project("{9A19103F-16F7-4668-BE54-9A1E7A4F7556}") = "studentmanagementsystem", "studentmanagementsystem\studentmanagementsystem.csproj", "{19B59F7E-77A9-450D-B0E1-B4827D87EE74}"
EndProject
Project("{2150E333-8FDC-42A3-9474-1A3956D46DE8}") = "nesne programlama lab", "nesne programlama lab", "{3F4C97D6-2AB1-4B4C-A050-2DDF90E34B02}"
EndProject
Project("{9A19103F-16F7-4668-BE54-9A1E7A4F7556}") = "1hafta", "..\2hafta\oops\1hafta.csproj", "{2A8BDEA1-72D6-45F3-8699-E196D019653D}"
EndProject
Project("{9A19103F-16F7-4668-BE54-9A1E7A4F7556}") = "oops.inheritence", "oops.inheritence\oops.inheritence.csproj", "{1B983808-A012-4244-AA63-D58FF7CCA02C}"
EndProject
Project("{9A19103F-16F7-4668-BE54-9A1E7A4F7556}") = "oop.vehicle", "oop.vehicle\oop.vehicle.csproj", "{6A41C9E8-E37F-4F6B-B09B-9C0E5BD63D89}"
EndProject
Project("{9A19103F-16F7-4668-BE54-9A1E7A4F7556}") = "oop.AbstractClassMethodApp", "oop.AbstractClassMethodApp\oop.AbstractClassMethodApp.csproj", "{6953E1AE-FCBA-4E2E-B98A-FA375716A066}"
EndProject
Project("{9A19103F-16F7-4668-BE54-9A1E7A4F7556}") = "İBankAcount", "İBankAcount\İBankAcount.csproj", "{EF64843A-99F4-4C86-AE12-AF9BC69FDABD}"
EndProject
Project("{9A19103F-16F7-4668-BE54-9A1E7A4F7556}") = "İnheritenceResultModel", "İnheritenceResultModel\İnheritenceResultModel.csproj", "{90B7AB95-713F-4A11-823A-4EFC671EEF18}"
EndProject
Project("{9A19103F-16F7-4668-BE54-9A1E7A4F7556}") = "İnterface", "İnterface\İnterface.csproj", "{8CE991E7-CCCE-45B7-AE59-829DA9FDEF54}"
EndProject
Project("{9A19103F-16F7-4668-BE54-9A1E7A4F7556}") = "6.hafta", "..\ödev06\ödev06\6.hafta.csproj", "{038E23C6-7026-4683-AE70-657002A9885E}"
EndProject
Project("{9A19103F-16F7-4668-BE54-9A1E7A4F7556}") = "odev06", "odev06\odev06.csproj", "{61895CE8-67A4-46A7-B17B-4F11CC51C4B7}"
EndProject
Project("{9A19103F-16F7-4668-BE54-9A1E7A4F7556}") = "ShoppingCart", "ShoppingCart\ShoppingCart.csproj", "{1BFF2FAB-BB7F-4F78-AFBB-53AC4AAF62B3}"
EndProject
Project("{9A19103F-16F7-4668-BE54-9A1E7A4F7556}") = "BubbleSort", "BubbleSort\BubbleSort.csproj", "{BEF1F6BF-1932-4EFB-9EDC-57332B177E9F}"
EndProject
Project("{9A19103F-16F7-4668-BE54-9A1E7A4F7556}") = "OOP.İinterface.Loosly.coupled", "OOP.İinterface.Loosly.coupled\OOP.İinterface.Loosly.coupled.csproj", "{1778933A-DEC4-4D7A-9F10-9A319801596B}"
EndProject
Project("{9A19103F-16F7-4668-BE54-9A1E7A4F7556}") = "OOP.Generic .ArrayApp", "OOP.Generic .ArrayApp\OOP.Generic .ArrayApp.csproj", "{02E7FB0B-9AD5-4500-8064-10C4E86ED4BC}"
EndProject
Project("{9A19103F-16F7-4668-BE54-9A1E7A4F7556}") = "OOP.Generic.methods", "OOP.Generic.methods\OOP.Generic.methods.csproj", "{33D7C32E-CFE9-4B19-9451-6F671E40D256}"
EndProject
Project("{9A19103F-16F7-4668-BE54-9A1E7A4F7556}") = "OOP.Generic.Repository.Design.Pattern", "OOP.Generic.Repository.Design.Pattern\OOP.Generic.Repository.Design.Pattern.csproj", "{C16603EC-DD30-4B0D-A568-1CAED321E19B}"
EndProject
Project("{9A19103F-16F7-4668-BE54-9A1E7A4F7556}") = "OOP.ADONET", "OOP.ADONET\OOP.ADONET.csproj", "{EE12FE23-E936-49BF-A0B7-CCB52ADAE887}"
EndProject
Project("{9A19103F-16F7-4668-BE54-9A1E7A4F7556}") = "OOP.EF.Core.ConsoleApp", "OOP.EF.Core.ConsoleApp\OOP.EF.Core.ConsoleApp.csproj", "{DE56B622-688E-4483-BD47-A1F1367BE477}"
EndProject
Project("{9A19103F-16F7-4668-BE54-9A1E7A4F7556}") = "11.hafta", "11.hafta\11.hafta.csproj", "{7F1A46DF-B1D3-435A-947C-E9F6F6BDC6EE}"
EndProject
Project("{9A19103F-16F7-4668-BE54-9A1E7A4F7556}") = "EFScaffOldDbContextApp", "EFScaffOldDbContextApp\EFScaffOldDbContextApp.csproj", "{E05A9374-4813-4D19-9E86-933980ACEC78}"
EndProject
Project("{FAE04EC0-301F-11D3-BF4B-00C04F79EFBC}") = "LinqAppSample", "LinqAppSample\LinqAppSample.csproj", "{E447EE7A-FFF8-4D8B-87FE-B76E756CA93A}"
EndProject
Global
	GlobalSection(SolutionConfigurationPlatforms) = preSolution
		Debug|Any CPU = Debug|Any CPU
		Release|Any CPU = Release|Any CPU
	EndGlobalSection
	GlobalSection(ProjectConfigurationPlatforms) = postSolution
		{6C3C39A7-AE32-49D2-A962-05D9428F78D2}.Debug|Any CPU.ActiveCfg = Debug|Any CPU
		{6C3C39A7-AE32-49D2-A962-05D9428F78D2}.Debug|Any CPU.Build.0 = Debug|Any CPU
		{6C3C39A7-AE32-49D2-A962-05D9428F78D2}.Release|Any CPU.ActiveCfg = Release|Any CPU
		{6C3C39A7-AE32-49D2-A962-05D9428F78D2}.Release|Any CPU.Build.0 = Release|Any CPU
		{6C175E7A-69F7-49C9-881F-5F6EF5E8B08B}.Debug|Any CPU.ActiveCfg = Debug|Any CPU
		{6C175E7A-69F7-49C9-881F-5F6EF5E8B08B}.Debug|Any CPU.Build.0 = Debug|Any CPU
		{6C175E7A-69F7-49C9-881F-5F6EF5E8B08B}.Release|Any CPU.ActiveCfg = Release|Any CPU
		{6C175E7A-69F7-49C9-881F-5F6EF5E8B08B}.Release|Any CPU.Build.0 = Release|Any CPU
		{C63957ED-54F9-4EB6-8F7A-554337AC35F4}.Debug|Any CPU.ActiveCfg = Debug|Any CPU
		{C63957ED-54F9-4EB6-8F7A-554337AC35F4}.Debug|Any CPU.Build.0 = Debug|Any CPU
		{C63957ED-54F9-4EB6-8F7A-554337AC35F4}.Release|Any CPU.ActiveCfg = Release|Any CPU
		{C63957ED-54F9-4EB6-8F7A-554337AC35F4}.Release|Any CPU.Build.0 = Release|Any CPU
		{19B59F7E-77A9-450D-B0E1-B4827D87EE74}.Debug|Any CPU.ActiveCfg = Debug|Any CPU
		{19B59F7E-77A9-450D-B0E1-B4827D87EE74}.Debug|Any CPU.Build.0 = Debug|Any CPU
		{19B59F7E-77A9-450D-B0E1-B4827D87EE74}.Release|Any CPU.ActiveCfg = Release|Any CPU
		{19B59F7E-77A9-450D-B0E1-B4827D87EE74}.Release|Any CPU.Build.0 = Release|Any CPU
		{2A8BDEA1-72D6-45F3-8699-E196D019653D}.Debug|Any CPU.ActiveCfg = Debug|Any CPU
		{2A8BDEA1-72D6-45F3-8699-E196D019653D}.Debug|Any CPU.Build.0 = Debug|Any CPU
		{2A8BDEA1-72D6-45F3-8699-E196D019653D}.Release|Any CPU.ActiveCfg = Release|Any CPU
		{2A8BDEA1-72D6-45F3-8699-E196D019653D}.Release|Any CPU.Build.0 = Release|Any CPU
		{1B983808-A012-4244-AA63-D58FF7CCA02C}.Debug|Any CPU.ActiveCfg = Debug|Any CPU
		{1B983808-A012-4244-AA63-D58FF7CCA02C}.Debug|Any CPU.Build.0 = Debug|Any CPU
		{1B983808-A012-4244-AA63-D58FF7CCA02C}.Release|Any CPU.ActiveCfg = Release|Any CPU
		{1B983808-A012-4244-AA63-D58FF7CCA02C}.Release|Any CPU.Build.0 = Release|Any CPU
		{6A41C9E8-E37F-4F6B-B09B-9C0E5BD63D89}.Debug|Any CPU.ActiveCfg = Debug|Any CPU
		{6A41C9E8-E37F-4F6B-B09B-9C0E5BD63D89}.Debug|Any CPU.Build.0 = Debug|Any CPU
		{6A41C9E8-E37F-4F6B-B09B-9C0E5BD63D89}.Release|Any CPU.ActiveCfg = Release|Any CPU
		{6A41C9E8-E37F-4F6B-B09B-9C0E5BD63D89}.Release|Any CPU.Build.0 = Release|Any CPU
		{6953E1AE-FCBA-4E2E-B98A-FA375716A066}.Debug|Any CPU.ActiveCfg = Debug|Any CPU
		{6953E1AE-FCBA-4E2E-B98A-FA375716A066}.Debug|Any CPU.Build.0 = Debug|Any CPU
		{6953E1AE-FCBA-4E2E-B98A-FA375716A066}.Release|Any CPU.ActiveCfg = Release|Any CPU
		{6953E1AE-FCBA-4E2E-B98A-FA375716A066}.Release|Any CPU.Build.0 = Release|Any CPU
		{EF64843A-99F4-4C86-AE12-AF9BC69FDABD}.Debug|Any CPU.ActiveCfg = Debug|Any CPU
		{EF64843A-99F4-4C86-AE12-AF9BC69FDABD}.Debug|Any CPU.Build.0 = Debug|Any CPU
		{EF64843A-99F4-4C86-AE12-AF9BC69FDABD}.Release|Any CPU.ActiveCfg = Release|Any CPU
		{EF64843A-99F4-4C86-AE12-AF9BC69FDABD}.Release|Any CPU.Build.0 = Release|Any CPU
		{90B7AB95-713F-4A11-823A-4EFC671EEF18}.Debug|Any CPU.ActiveCfg = Debug|Any CPU
		{90B7AB95-713F-4A11-823A-4EFC671EEF18}.Debug|Any CPU.Build.0 = Debug|Any CPU
		{90B7AB95-713F-4A11-823A-4EFC671EEF18}.Release|Any CPU.ActiveCfg = Release|Any CPU
		{90B7AB95-713F-4A11-823A-4EFC671EEF18}.Release|Any CPU.Build.0 = Release|Any CPU
		{8CE991E7-CCCE-45B7-AE59-829DA9FDEF54}.Debug|Any CPU.ActiveCfg = Debug|Any CPU
		{8CE991E7-CCCE-45B7-AE59-829DA9FDEF54}.Debug|Any CPU.Build.0 = Debug|Any CPU
		{8CE991E7-CCCE-45B7-AE59-829DA9FDEF54}.Release|Any CPU.ActiveCfg = Release|Any CPU
		{8CE991E7-CCCE-45B7-AE59-829DA9FDEF54}.Release|Any CPU.Build.0 = Release|Any CPU
		{038E23C6-7026-4683-AE70-657002A9885E}.Debug|Any CPU.ActiveCfg = Debug|Any CPU
		{038E23C6-7026-4683-AE70-657002A9885E}.Debug|Any CPU.Build.0 = Debug|Any CPU
		{038E23C6-7026-4683-AE70-657002A9885E}.Release|Any CPU.ActiveCfg = Release|Any CPU
		{038E23C6-7026-4683-AE70-657002A9885E}.Release|Any CPU.Build.0 = Release|Any CPU
		{61895CE8-67A4-46A7-B17B-4F11CC51C4B7}.Debug|Any CPU.ActiveCfg = Debug|Any CPU
		{61895CE8-67A4-46A7-B17B-4F11CC51C4B7}.Debug|Any CPU.Build.0 = Debug|Any CPU
		{61895CE8-67A4-46A7-B17B-4F11CC51C4B7}.Release|Any CPU.ActiveCfg = Release|Any CPU
		{61895CE8-67A4-46A7-B17B-4F11CC51C4B7}.Release|Any CPU.Build.0 = Release|Any CPU
		{1BFF2FAB-BB7F-4F78-AFBB-53AC4AAF62B3}.Debug|Any CPU.ActiveCfg = Debug|Any CPU
		{1BFF2FAB-BB7F-4F78-AFBB-53AC4AAF62B3}.Debug|Any CPU.Build.0 = Debug|Any CPU
		{1BFF2FAB-BB7F-4F78-AFBB-53AC4AAF62B3}.Release|Any CPU.ActiveCfg = Release|Any CPU
		{1BFF2FAB-BB7F-4F78-AFBB-53AC4AAF62B3}.Release|Any CPU.Build.0 = Release|Any CPU
		{BEF1F6BF-1932-4EFB-9EDC-57332B177E9F}.Debug|Any CPU.ActiveCfg = Debug|Any CPU
		{BEF1F6BF-1932-4EFB-9EDC-57332B177E9F}.Debug|Any CPU.Build.0 = Debug|Any CPU
		{BEF1F6BF-1932-4EFB-9EDC-57332B177E9F}.Release|Any CPU.ActiveCfg = Release|Any CPU
		{BEF1F6BF-1932-4EFB-9EDC-57332B177E9F}.Release|Any CPU.Build.0 = Release|Any CPU
		{1778933A-DEC4-4D7A-9F10-9A319801596B}.Debug|Any CPU.ActiveCfg = Debug|Any CPU
		{1778933A-DEC4-4D7A-9F10-9A319801596B}.Debug|Any CPU.Build.0 = Debug|Any CPU
		{1778933A-DEC4-4D7A-9F10-9A319801596B}.Release|Any CPU.ActiveCfg = Release|Any CPU
		{1778933A-DEC4-4D7A-9F10-9A319801596B}.Release|Any CPU.Build.0 = Release|Any CPU
		{02E7FB0B-9AD5-4500-8064-10C4E86ED4BC}.Debug|Any CPU.ActiveCfg = Debug|Any CPU
		{02E7FB0B-9AD5-4500-8064-10C4E86ED4BC}.Debug|Any CPU.Build.0 = Debug|Any CPU
		{02E7FB0B-9AD5-4500-8064-10C4E86ED4BC}.Release|Any CPU.ActiveCfg = Release|Any CPU
		{02E7FB0B-9AD5-4500-8064-10C4E86ED4BC}.Release|Any CPU.Build.0 = Release|Any CPU
		{33D7C32E-CFE9-4B19-9451-6F671E40D256}.Debug|Any CPU.ActiveCfg = Debug|Any CPU
		{33D7C32E-CFE9-4B19-9451-6F671E40D256}.Debug|Any CPU.Build.0 = Debug|Any CPU
		{33D7C32E-CFE9-4B19-9451-6F671E40D256}.Release|Any CPU.ActiveCfg = Release|Any CPU
		{33D7C32E-CFE9-4B19-9451-6F671E40D256}.Release|Any CPU.Build.0 = Release|Any CPU
		{C16603EC-DD30-4B0D-A568-1CAED321E19B}.Debug|Any CPU.ActiveCfg = Debug|Any CPU
		{C16603EC-DD30-4B0D-A568-1CAED321E19B}.Debug|Any CPU.Build.0 = Debug|Any CPU
		{C16603EC-DD30-4B0D-A568-1CAED321E19B}.Release|Any CPU.ActiveCfg = Release|Any CPU
		{C16603EC-DD30-4B0D-A568-1CAED321E19B}.Release|Any CPU.Build.0 = Release|Any CPU
		{EE12FE23-E936-49BF-A0B7-CCB52ADAE887}.Debug|Any CPU.ActiveCfg = Debug|Any CPU
		{EE12FE23-E936-49BF-A0B7-CCB52ADAE887}.Debug|Any CPU.Build.0 = Debug|Any CPU
		{EE12FE23-E936-49BF-A0B7-CCB52ADAE887}.Release|Any CPU.ActiveCfg = Release|Any CPU
		{EE12FE23-E936-49BF-A0B7-CCB52ADAE887}.Release|Any CPU.Build.0 = Release|Any CPU
		{DE56B622-688E-4483-BD47-A1F1367BE477}.Debug|Any CPU.ActiveCfg = Debug|Any CPU
		{DE56B622-688E-4483-BD47-A1F1367BE477}.Debug|Any CPU.Build.0 = Debug|Any CPU
		{DE56B622-688E-4483-BD47-A1F1367BE477}.Release|Any CPU.ActiveCfg = Release|Any CPU
		{DE56B622-688E-4483-BD47-A1F1367BE477}.Release|Any CPU.Build.0 = Release|Any CPU
		{7F1A46DF-B1D3-435A-947C-E9F6F6BDC6EE}.Debug|Any CPU.ActiveCfg = Debug|Any CPU
		{7F1A46DF-B1D3-435A-947C-E9F6F6BDC6EE}.Debug|Any CPU.Build.0 = Debug|Any CPU
		{7F1A46DF-B1D3-435A-947C-E9F6F6BDC6EE}.Release|Any CPU.ActiveCfg = Release|Any CPU
		{7F1A46DF-B1D3-435A-947C-E9F6F6BDC6EE}.Release|Any CPU.Build.0 = Release|Any CPU
		{E05A9374-4813-4D19-9E86-933980ACEC78}.Debug|Any CPU.ActiveCfg = Debug|Any CPU
		{E05A9374-4813-4D19-9E86-933980ACEC78}.Debug|Any CPU.Build.0 = Debug|Any CPU
		{E05A9374-4813-4D19-9E86-933980ACEC78}.Release|Any CPU.ActiveCfg = Release|Any CPU
		{E05A9374-4813-4D19-9E86-933980ACEC78}.Release|Any CPU.Build.0 = Release|Any CPU
		{E447EE7A-FFF8-4D8B-87FE-B76E756CA93A}.Debug|Any CPU.ActiveCfg = Debug|Any CPU
		{E447EE7A-FFF8-4D8B-87FE-B76E756CA93A}.Debug|Any CPU.Build.0 = Debug|Any CPU
		{E447EE7A-FFF8-4D8B-87FE-B76E756CA93A}.Release|Any CPU.ActiveCfg = Release|Any CPU
		{E447EE7A-FFF8-4D8B-87FE-B76E756CA93A}.Release|Any CPU.Build.0 = Release|Any CPU
	EndGlobalSection
	GlobalSection(SolutionProperties) = preSolution
		HideSolutionNode = FALSE
	EndGlobalSection
	GlobalSection(NestedProjects) = preSolution
		{6C3C39A7-AE32-49D2-A962-05D9428F78D2} = {3F4C97D6-2AB1-4B4C-A050-2DDF90E34B02}
		{6C175E7A-69F7-49C9-881F-5F6EF5E8B08B} = {3F4C97D6-2AB1-4B4C-A050-2DDF90E34B02}
		{C63957ED-54F9-4EB6-8F7A-554337AC35F4} = {3F4C97D6-2AB1-4B4C-A050-2DDF90E34B02}
		{19B59F7E-77A9-450D-B0E1-B4827D87EE74} = {3F4C97D6-2AB1-4B4C-A050-2DDF90E34B02}
		{2A8BDEA1-72D6-45F3-8699-E196D019653D} = {3F4C97D6-2AB1-4B4C-A050-2DDF90E34B02}
		{1B983808-A012-4244-AA63-D58FF7CCA02C} = {3F4C97D6-2AB1-4B4C-A050-2DDF90E34B02}
		{6A41C9E8-E37F-4F6B-B09B-9C0E5BD63D89} = {3F4C97D6-2AB1-4B4C-A050-2DDF90E34B02}
		{6953E1AE-FCBA-4E2E-B98A-FA375716A066} = {3F4C97D6-2AB1-4B4C-A050-2DDF90E34B02}
		{EF64843A-99F4-4C86-AE12-AF9BC69FDABD} = {3F4C97D6-2AB1-4B4C-A050-2DDF90E34B02}
		{90B7AB95-713F-4A11-823A-4EFC671EEF18} = {3F4C97D6-2AB1-4B4C-A050-2DDF90E34B02}
		{8CE991E7-CCCE-45B7-AE59-829DA9FDEF54} = {3F4C97D6-2AB1-4B4C-A050-2DDF90E34B02}
		{038E23C6-7026-4683-AE70-657002A9885E} = {3F4C97D6-2AB1-4B4C-A050-2DDF90E34B02}
		{61895CE8-67A4-46A7-B17B-4F11CC51C4B7} = {3F4C97D6-2AB1-4B4C-A050-2DDF90E34B02}
		{1BFF2FAB-BB7F-4F78-AFBB-53AC4AAF62B3} = {3F4C97D6-2AB1-4B4C-A050-2DDF90E34B02}
		{BEF1F6BF-1932-4EFB-9EDC-57332B177E9F} = {3F4C97D6-2AB1-4B4C-A050-2DDF90E34B02}
		{1778933A-DEC4-4D7A-9F10-9A319801596B} = {3F4C97D6-2AB1-4B4C-A050-2DDF90E34B02}
		{02E7FB0B-9AD5-4500-8064-10C4E86ED4BC} = {3F4C97D6-2AB1-4B4C-A050-2DDF90E34B02}
		{33D7C32E-CFE9-4B19-9451-6F671E40D256} = {3F4C97D6-2AB1-4B4C-A050-2DDF90E34B02}
		{C16603EC-DD30-4B0D-A568-1CAED321E19B} = {3F4C97D6-2AB1-4B4C-A050-2DDF90E34B02}
		{EE12FE23-E936-49BF-A0B7-CCB52ADAE887} = {3F4C97D6-2AB1-4B4C-A050-2DDF90E34B02}
		{DE56B622-688E-4483-BD47-A1F1367BE477} = {3F4C97D6-2AB1-4B4C-A050-2DDF90E34B02}
		{7F1A46DF-B1D3-435A-947C-E9F6F6BDC6EE} = {3F4C97D6-2AB1-4B4C-A050-2DDF90E34B02}
		{E05A9374-4813-4D19-9E86-933980ACEC78} = {3F4C97D6-2AB1-4B4C-A050-2DDF90E34B02}
		{E447EE7A-FFF8-4D8B-87FE-B76E756CA93A} = {3F4C97D6-2AB1-4B4C-A050-2DDF90E34B02}
	EndGlobalSection
	GlobalSection(ExtensibilityGlobals) = postSolution
		SolutionGuid = {E6AAE4AB-3CB5-4A47-9F85-AB20D6B06909}
	EndGlobalSection
EndGlobal
